
Microsoft Visual Studio Solution File, Format Version 12.00
# Visual Studio for Mac
Project("{FAE04EC0-301F-11D3-BF4B-00C04F79EFBC}") = "platfusUnity", "Assembly-CSharp.csproj", "{6EE829EC-99BF-69AD-3484-F3B5A75639F6}"
EndProject
Project("{FAE04EC0-301F-11D3-BF4B-00C04F79EFBC}") = "platfusUnity", "Assembly-CSharp-Editor.csproj", "{A1F26585-7BFA-3477-B098-455E7645DDD4}"
EndProject
Global
	GlobalSection(SolutionConfigurationPlatforms) = preSolution
		Debug|Any CPU = Debug|Any CPU
		Release|Any CPU = Release|Any CPU
	EndGlobalSection
	GlobalSection(ProjectConfigurationPlatforms) = postSolution
		{6EE829EC-99BF-69AD-3484-F3B5A75639F6}.Debug|Any CPU.ActiveCfg = Debug|Any CPU
		{6EE829EC-99BF-69AD-3484-F3B5A75639F6}.Debug|Any CPU.Build.0 = Debug|Any CPU
		{6EE829EC-99BF-69AD-3484-F3B5A75639F6}.Release|Any CPU.ActiveCfg = Release|Any CPU
		{6EE829EC-99BF-69AD-3484-F3B5A75639F6}.Release|Any CPU.Build.0 = Release|Any CPU
		{A1F26585-7BFA-3477-B098-455E7645DDD4}.Debug|Any CPU.ActiveCfg = Debug|Any CPU
		{A1F26585-7BFA-3477-B098-455E7645DDD4}.Debug|Any CPU.Build.0 = Debug|Any CPU
		{A1F26585-7BFA-3477-B098-455E7645DDD4}.Release|Any CPU.ActiveCfg = Release|Any CPU
		{A1F26585-7BFA-3477-B098-455E7645DDD4}.Release|Any CPU.Build.0 = Release|Any CPU
	EndGlobalSection
	GlobalSection(SolutionProperties) = preSolution
		HideSolutionNode = FALSE
	EndGlobalSection
EndGlobal
